<?xml version="1.0" encoding="utf-8"?>
<Project ToolsVersion="4.0" xmlns="http://schemas.microsoft.com/developer/msbuild/2003">
  <ItemGroup>
    <Filter Include="Исходные файлы">
      <UniqueIdentifier>{4FC737F1-C7A5-4376-A066-2A32D752A2FF}</UniqueIdentifier>
      <Extensions>cpp;c;cc;cxx;def;odl;idl;hpj;bat;asm;asmx</Extensions>
    </Filter>
    <Filter Include="Файлы заголовков">
      <UniqueIdentifier>{93995380-89BD-4b04-88EB-625FBE52EBFB}</UniqueIdentifier>
      <Extensions>h;hh;hpp;hxx;hm;inl;inc;ipp;xsd</Extensions>
    </Filter>
    <Filter Include="Файлы ресурсов">
      <UniqueIdentifier>{67DA6AB6-F800-4c08-8B7A-83BB121AAD01}</UniqueIdentifier>
      <Extensions>rc;ico;cur;bmp;dlg;rc2;rct;bin;rgs;gif;jpg;jpeg;jpe;resx;tiff;tif;png;wav;mfcribbon-ms</Extensions>
    </Filter>
    <Filter Include="Исходные файлы\MenuLib">
      <UniqueIdentifier>{e93542b0-cb37-438c-84d9-d46786a44b7d}</UniqueIdentifier>
    </Filter>
    <Filter Include="Файлы заголовков\MenuLib">
      <UniqueIdentifier>{c8a9de41-179a-4d06-a7f6-020cf4b9de06}</UniqueIdentifier>
    </Filter>
    <Filter Include="Исходные файлы\MenuLib\Components">
      <UniqueIdentifier>{cb95cc0e-b6bc-4473-b150-f5f5ec36a81d}</UniqueIdentifier>
    </Filter>
    <Filter Include="Файлы заголовков\MenuLib\Components">
      <UniqueIdentifier>{70a7d014-0f89-4be6-bebe-e76fadf03701}</UniqueIdentifier>
    </Filter>
    <Filter Include="Исходные файлы\MenuLib\Utils">
      <UniqueIdentifier>{1a66e9d4-9120-4ac8-96f6-81670e266830}</UniqueIdentifier>
    </Filter>
    <Filter Include="Файлы заголовков\MenuLib\Utils">
      <UniqueIdentifier>{a670dee5-6d70-4c12-b5ec-8ddc198231c7}</UniqueIdentifier>
    </Filter>
    <Filter Include="Файлы заголовков\MenuLib\Core">
      <UniqueIdentifier>{f5f9cc9a-4aec-4a47-a97e-690a09f02c48}</UniqueIdentifier>
    </Filter>
    <Filter Include="Исходные файлы\MenuLib\Core">
      <UniqueIdentifier>{5960c426-c4e5-4979-809e-19c622e2d95a}</UniqueIdentifier>
    </Filter>
  </ItemGroup>
  <ItemGroup>
    <ClCompile Include="ConsoleApplication1.cpp">
      <Filter>Исходные файлы</Filter>
    </ClCompile>
    <ClCompile Include="Components\Button.cpp">
      <Filter>Исходные файлы\MenuLib\Components</Filter>
    </ClCompile>
    <ClCompile Include="Components\Choice.cpp">
      <Filter>Исходные файлы\MenuLib\Components</Filter>
    </ClCompile>
    <ClCompile Include="Components\Component.cpp">
      <Filter>Исходные файлы\MenuLib\Components</Filter>
    </ClCompile>
    <ClCompile Include="Components\Field.cpp">
      <Filter>Исходные файлы\MenuLib\Components</Filter>
    </ClCompile>
    <ClCompile Include="Components\Menu.cpp">
      <Filter>Исходные файлы\MenuLib\Components</Filter>
    </ClCompile>
    <ClCompile Include="Components\Text.cpp">
      <Filter>Исходные файлы\MenuLib\Components</Filter>
    </ClCompile>
    <ClCompile Include="Core\MenuAggregator.cpp">
      <Filter>Исходные файлы\MenuLib\Core</Filter>
    </ClCompile>
    <ClCompile Include="Utils\Console.cpp">
      <Filter>Исходные файлы\MenuLib\Utils</Filter>
    </ClCompile>
    <ClCompile Include="Utils\DialogDecorator.cpp">
      <Filter>Исходные файлы\MenuLib\Utils</Filter>
    </ClCompile>
    <ClCompile Include="Utils\Display.cpp">
      <Filter>Исходные файлы\MenuLib\Utils</Filter>
    </ClCompile>
    <ClCompile Include="Utils\Input.cpp">
      <Filter>Исходные файлы\MenuLib\Utils</Filter>
    </ClCompile>
    <ClCompile Include="Utils\KeyEvent.cpp">
      <Filter>Исходные файлы\MenuLib\Utils</Filter>
    </ClCompile>
    <ClCompile Include="Utils\Theme.cpp">
      <Filter>Исходные файлы\MenuLib\Utils</Filter>
    </ClCompile>
    <ClCompile Include="Core\MenuManager.cpp">
      <Filter>Исходные файлы\MenuLib\Core</Filter>
    </ClCompile>
    <ClCompile Include="Transaction.cpp">
      <Filter>Исходные файлы</Filter>
    </ClCompile>
    <ClCompile Include="Test.cpp">
      <Filter>Исходные файлы</Filter>
    </ClCompile>
    <ClCompile Include="Student.cpp">
      <Filter>Исходные файлы</Filter>
    </ClCompile>
    <ClCompile Include="Question.cpp">
      <Filter>Исходные файлы</Filter>
    </ClCompile>
    <ClCompile Include="Option.cpp">
      <Filter>Исходные файлы</Filter>
    </ClCompile>
    <ClCompile Include="Answer.cpp">
      <Filter>Исходные файлы</Filter>
    </ClCompile>
  </ItemGroup>
  <ItemGroup>
    <ClInclude Include="LML.h">
      <Filter>Файлы заголовков\MenuLib</Filter>
    </ClInclude>
    <ClInclude Include="Components\Button.h">
      <Filter>Файлы заголовков\MenuLib\Components</Filter>
    </ClInclude>
    <ClInclude Include="Components\Choice.h">
      <Filter>Файлы заголовков\MenuLib\Components</Filter>
    </ClInclude>
    <ClInclude Include="Components\Component.h">
      <Filter>Файлы заголовков\MenuLib\Components</Filter>
    </ClInclude>
    <ClInclude Include="Components\Field.h">
      <Filter>Файлы заголовков\MenuLib\Components</Filter>
    </ClInclude>
    <ClInclude Include="Components\Menu.h">
      <Filter>Файлы заголовков\MenuLib\Components</Filter>
    </ClInclude>
    <ClInclude Include="Components\Text.h">
      <Filter>Файлы заголовков\MenuLib\Components</Filter>
    </ClInclude>
    <ClInclude Include="Core\MenuAggregator.h">
      <Filter>Файлы заголовков\MenuLib\Core</Filter>
    </ClInclude>
    <ClInclude Include="Core\MenuManager.h">
      <Filter>Файлы заголовков\MenuLib\Core</Filter>
    </ClInclude>
    <ClInclude Include="Utils\Console.h">
      <Filter>Файлы заголовков\MenuLib\Utils</Filter>
    </ClInclude>
    <ClInclude Include="Utils\DialogDecorator.h">
      <Filter>Файлы заголовков\MenuLib\Utils</Filter>
    </ClInclude>
    <ClInclude Include="Utils\Display.h">
      <Filter>Файлы заголовков\MenuLib\Utils</Filter>
    </ClInclude>
    <ClInclude Include="Utils\Input.h">
      <Filter>Файлы заголовков\MenuLib\Utils</Filter>
    </ClInclude>
    <ClInclude Include="Utils\KeyEvent.h">
      <Filter>Файлы заголовков\MenuLib\Utils</Filter>
    </ClInclude>
    <ClInclude Include="Utils\Theme.h">
      <Filter>Файлы заголовков\MenuLib\Utils</Filter>
    </ClInclude>
    <ClInclude Include="Utils\MenuStream.h">
      <Filter>Файлы заголовков\MenuLib\Utils</Filter>
    </ClInclude>
    <ClInclude Include="Utils\Exceptions.h">
      <Filter>Файлы заголовков\MenuLib\Utils</Filter>
    </ClInclude>
    <ClInclude Include="Transaction.h">
      <Filter>Файлы заголовков</Filter>
    </ClInclude>
    <ClInclude Include="Test.h">
      <Filter>Файлы заголовков</Filter>
    </ClInclude>
    <ClInclude Include="Student.h">
      <Filter>Файлы заголовков</Filter>
    </ClInclude>
    <ClInclude Include="Question.h">
      <Filter>Файлы заголовков</Filter>
    </ClInclude>
    <ClInclude Include="Option.h">
      <Filter>Файлы заголовков</Filter>
    </ClInclude>
    <ClInclude Include="Answer.h">
      <Filter>Файлы заголовков</Filter>
    </ClInclude>
  </ItemGroup>
</Project>